
Microsoft Visual Studio Solution File, Format Version 12.00
# Visual Studio Version 17
VisualStudioVersion = 17.3.32901.215
MinimumVisualStudioVersion = 10.0.40219.1
Project("{FAE04EC0-301F-11D3-BF4B-00C04F79EFBC}") = "SeaWitches", "SeaWitches.csproj", "{90DD6DDE-E914-4164-895B-E93B98042553}"
EndProject
Global
	GlobalSection(SolutionConfigurationPlatforms) = preSolution
		Debug|Any CPU = Debug|Any CPU
		Release|Any CPU = Release|Any CPU
	EndGlobalSection
	GlobalSection(ProjectConfigurationPlatforms) = postSolution
		{90DD6DDE-E914-4164-895B-E93B98042553}.Debug|Any CPU.ActiveCfg = Debug|Any CPU
		{90DD6DDE-E914-4164-895B-E93B98042553}.Debug|Any CPU.Build.0 = Debug|Any CPU
		{90DD6DDE-E914-4164-895B-E93B98042553}.Release|Any CPU.ActiveCfg = Release|Any CPU
		{90DD6DDE-E914-4164-895B-E93B98042553}.Release|Any CPU.Build.0 = Release|Any CPU
	EndGlobalSection
	GlobalSection(SolutionProperties) = preSolution
		HideSolutionNode = FALSE
	EndGlobalSection
	GlobalSection(ExtensibilityGlobals) = postSolution
		SolutionGuid = {51BE5FEC-5411-46F3-A9FD-41780084A80D}
	EndGlobalSection
EndGlobal
